dependencies:
  espressif/coap:
    dependencies: []
    source:
      path: managed_components/espressif__coap
      type: local
    version: 4.3.5~8
  idf:
    source:
      type: idf
    version: 6.1.0
direct_dependencies:
- espressif/coap
- idf
manifest_hash: d4fae7686f6db258d6a8e4f330ff80e8c11129f18a697694b27643175926d539
target: esp32c5
version: 3.0.0
